
Microsoft Visual Studio Solution File, Format Version 12.00
# Visual Studio Version 17
VisualStudioVersion = 17.2.32516.85
MinimumVisualStudioVersion = 10.0.40219.1
Project("{8BC9CEB8-8B4A-11D0-8D11-00A0C91BC942}") = "Homework1", "Homework1\Homework1.vcxproj", "{334CCB0A-EFB4-48A7-9B3D-A6D0BF75703D}"
EndProject
Project("{8BC9CEB8-8B4A-11D0-8D11-00A0C91BC942}") = "ConsoleApplication1", "ConsoleApplication1\ConsoleApplication1.vcxproj", "{C7A7EABE-C6E4-472D-B804-33B43AC6EA51}"
EndProject
Global
	GlobalSection(SolutionConfigurationPlatforms) = preSolution
		Debug|x64 = Debug|x64
		Debug|x86 = Debug|x86
		Release|x64 = Release|x64
		Release|x86 = Release|x86
	EndGlobalSection
	GlobalSection(ProjectConfigurationPlatforms) = postSolution
		{334CCB0A-EFB4-48A7-9B3D-A6D0BF75703D}.Debug|x64.ActiveCfg = Debug|x64
		{334CCB0A-EFB4-48A7-9B3D-A6D0BF75703D}.Debug|x64.Build.0 = Debug|x64
		{334CCB0A-EFB4-48A7-9B3D-A6D0BF75703D}.Debug|x86.ActiveCfg = Debug|Win32
		{334CCB0A-EFB4-48A7-9B3D-A6D0BF75703D}.Debug|x86.Build.0 = Debug|Win32
		{334CCB0A-EFB4-48A7-9B3D-A6D0BF75703D}.Release|x64.ActiveCfg = Release|x64
		{334CCB0A-EFB4-48A7-9B3D-A6D0BF75703D}.Release|x64.Build.0 = Release|x64
		{334CCB0A-EFB4-48A7-9B3D-A6D0BF75703D}.Release|x86.ActiveCfg = Release|Win32
		{334CCB0A-EFB4-48A7-9B3D-A6D0BF75703D}.Release|x86.Build.0 = Release|Win32
		{C7A7EABE-C6E4-472D-B804-33B43AC6EA51}.Debug|x64.ActiveCfg = Debug|x64
		{C7A7EABE-C6E4-472D-B804-33B43AC6EA51}.Debug|x64.Build.0 = Debug|x64
		{C7A7EABE-C6E4-472D-B804-33B43AC6EA51}.Debug|x86.ActiveCfg = Debug|Win32
		{C7A7EABE-C6E4-472D-B804-33B43AC6EA51}.Debug|x86.Build.0 = Debug|Win32
		{C7A7EABE-C6E4-472D-B804-33B43AC6EA51}.Release|x64.ActiveCfg = Release|x64
		{C7A7EABE-C6E4-472D-B804-33B43AC6EA51}.Release|x64.Build.0 = Release|x64
		{C7A7EABE-C6E4-472D-B804-33B43AC6EA51}.Release|x86.ActiveCfg = Release|Win32
		{C7A7EABE-C6E4-472D-B804-33B43AC6EA51}.Release|x86.Build.0 = Release|Win32
	EndGlobalSection
	GlobalSection(SolutionProperties) = preSolution
		HideSolutionNode = FALSE
	EndGlobalSection
	GlobalSection(ExtensibilityGlobals) = postSolution
		SolutionGuid = {AC3141FA-6AA1-41C6-91E9-D4941DBB74EC}
	EndGlobalSection
EndGlobal
